
Microsoft Visual Studio Solution File, Format Version 12.00
# Visual Studio Version 16
VisualStudioVersion = 16.0.30225.117
MinimumVisualStudioVersion = 10.0.40219.1
Project("{FAE04EC0-301F-11D3-BF4B-00C04F79EFBC}") = "UI", "UI\UI.csproj", "{F3632DD0-B5CB-4290-9907-084191F91462}"
EndProject
Global
	GlobalSection(SolutionConfigurationPlatforms) = preSolution
		Debug|Any CPU = Debug|Any CPU
		Debug|x64 = Debug|x64
		Release|Any CPU = Release|Any CPU
		Release|x64 = Release|x64
	EndGlobalSection
	GlobalSection(ProjectConfigurationPlatforms) = postSolution
		{F3632DD0-B5CB-4290-9907-084191F91462}.Debug|Any CPU.ActiveCfg = Debug|Any CPU
		{F3632DD0-B5CB-4290-9907-084191F91462}.Debug|Any CPU.Build.0 = Debug|Any CPU
		{F3632DD0-B5CB-4290-9907-084191F91462}.Debug|x64.ActiveCfg = Debug|x64
		{F3632DD0-B5CB-4290-9907-084191F91462}.Debug|x64.Build.0 = Debug|x64
		{F3632DD0-B5CB-4290-9907-084191F91462}.Release|Any CPU.ActiveCfg = Release|Any CPU
		{F3632DD0-B5CB-4290-9907-084191F91462}.Release|Any CPU.Build.0 = Release|Any CPU
		{F3632DD0-B5CB-4290-9907-084191F91462}.Release|x64.ActiveCfg = Release|x64
		{F3632DD0-B5CB-4290-9907-084191F91462}.Release|x64.Build.0 = Release|x64
	EndGlobalSection
	GlobalSection(SolutionProperties) = preSolution
		HideSolutionNode = FALSE
	EndGlobalSection
	GlobalSection(ExtensibilityGlobals) = postSolution
		SolutionGuid = {3D2B1DD2-B333-4B0D-B54F-A5FBE2C3F4E8}
	EndGlobalSection
EndGlobal
